
Microsoft Visual Studio Solution File, Format Version 12.00
# Visual Studio Version 17
VisualStudioVersion = 17.12.35707.178
MinimumVisualStudioVersion = 10.0.40219.1
Project("{2150E333-8FDC-42A3-9474-1A3956D46DE8}") = "core", "core", "{918A18B5-B3A1-4EF9-8B23-3DCBB4E886B3}"
EndProject
Project("{2150E333-8FDC-42A3-9474-1A3956D46DE8}") = "tests", "tests", "{785AE35B-D59A-48BB-9CB5-2EBDA56F1248}"
EndProject
Project("{2150E333-8FDC-42A3-9474-1A3956D46DE8}") = "hosts", "hosts", "{82C3C83E-1FAE-4950-9A5F-AEE5AB823C11}"
EndProject
Project("{FAE04EC0-301F-11D3-BF4B-00C04F79EFBC}") = "Service.Normalisation.Tests", "tests\Service.Normalisation.Tests\Service.Normalisation.Tests.csproj", "{B95836EA-A602-41C6-808E-2D85353E627F}"
EndProject
Project("{FAE04EC0-301F-11D3-BF4B-00C04F79EFBC}") = "Graphing.Core", "src\Graphing.Core\Graphing.Core.csproj", "{5B06F9AD-2FCF-4DF1-84B0-4614B08055D9}"
EndProject
Project("{FAE04EC0-301F-11D3-BF4B-00C04F79EFBC}") = "Normalisation.Core", "src\Normalisation.Core\Normalisation.Core.csproj", "{41C8CCAC-18CA-46E8-AA32-048ACF77183F}"
EndProject
Project("{FAE04EC0-301F-11D3-BF4B-00C04F79EFBC}") = "Crawler.Core", "src\Crawler.Core\Crawler.Core.csproj", "{699EE85B-FAB6-48E8-AABA-41F4F5534DB0}"
EndProject
Project("{FAE04EC0-301F-11D3-BF4B-00C04F79EFBC}") = "Scraper.Core", "src\Scraper.Core\Scraper.Core.csproj", "{155EA1E1-432A-4C17-8B12-5B0EEA37107B}"
EndProject
Project("{FAE04EC0-301F-11D3-BF4B-00C04F79EFBC}") = "Caching.Core", "src\Caching.Core\Caching.Core.csproj", "{D3671138-14A2-46C8-91EC-9CC5721163F5}"
EndProject
Project("{FAE04EC0-301F-11D3-BF4B-00C04F79EFBC}") = "Events.Core", "src\Events.Core\Events.Core.csproj", "{155878EB-1864-4E97-AF80-E6B6BB25BAE0}"
EndProject
Project("{FAE04EC0-301F-11D3-BF4B-00C04F79EFBC}") = "Requests.Core", "src\Requests.Core\Requests.Core.csproj", "{4E04F813-A78E-466A-A28E-CA8E3E55EDCA}"
EndProject
Project("{FAE04EC0-301F-11D3-BF4B-00C04F79EFBC}") = "WebGrapher.Cli", "src\WebGrapher.Cli\WebGrapher.Cli.csproj", "{5734677D-164A-47F0-89FA-3B2FD73B81C1}"
EndProject
Project("{2150E333-8FDC-42A3-9474-1A3956D46DE8}") = "docs", "docs", "{BB7B2304-C0E6-4178-9ABD-D2C5CEFE9045}"
	ProjectSection(SolutionItems) = preProject
		docs\getting-started.md = docs\getting-started.md
		LICENSE.md = LICENSE.md
		docs\README.md = docs\README.md
		docs\webgrapher_highlevel_architecture_screenshot.png = docs\webgrapher_highlevel_architecture_screenshot.png
		docs\webgrapher_live_demo-screenshot.png = docs\webgrapher_live_demo-screenshot.png
		docs\webgrapher_product_walkthrough_screenshot.png = docs\webgrapher_product_walkthrough_screenshot.png
	EndProjectSection
EndProject
Project("{FAE04EC0-301F-11D3-BF4B-00C04F79EFBC}") = "Service.Scraper.Tests", "tests\Service.Scraper.Tests\Service.Scraper.Tests.csproj", "{3BC7B8B4-70A9-4105-932A-B4B98BE39D47}"
EndProject
Project("{FAE04EC0-301F-11D3-BF4B-00C04F79EFBC}") = "Shared.Requests", "tests\Shared.Requests\Shared.Requests.csproj", "{8A128F66-141C-4853-BF94-3BEC36E7FCF9}"
EndProject
Project("{FAE04EC0-301F-11D3-BF4B-00C04F79EFBC}") = "Shared.Caching.Tests", "tests\Shared.Caching.Tests\Shared.Caching.Tests.csproj", "{F5E7D232-4DAC-4405-8945-200C4B3CEDD5}"
EndProject
Project("{FAE04EC0-301F-11D3-BF4B-00C04F79EFBC}") = "Streaming.Core", "src\Streaming.Core\Streaming.Core.csproj", "{93FB7F25-0BC5-448F-A4CF-68BF880C5C49}"
EndProject
Project("{FAE04EC0-301F-11D3-BF4B-00C04F79EFBC}") = "Service.Graphing.Tests", "tests\Service.Graphing.Tests\Service.Graphing.Tests.csproj", "{4DC9AD9D-B5CD-49E5-9C57-4C1DE333F6C3}"
EndProject
Project("{54A90642-561A-4BB1-A94E-469ADEE60C69}") = "webgrapher.webui", "src\webgrapher.webui\webgrapher.webui.esproj", "{4039A1E4-C459-4290-3D75-68616CA9CBD3}"
EndProject
Project("{2150E333-8FDC-42A3-9474-1A3956D46DE8}") = "Services", "Services", "{3C42F4C1-7AB7-4DA8-A951-36D2E07F62A9}"
EndProject
Project("{FAE04EC0-301F-11D3-BF4B-00C04F79EFBC}") = "Crawler.WorkerService", "src\Crawler.WorkerService\Crawler.WorkerService.csproj", "{2829FF74-B599-B930-ED33-414FC6011747}"
EndProject
Project("{FAE04EC0-301F-11D3-BF4B-00C04F79EFBC}") = "Graphing.WorkerService", "src\Graphing.WorkerService\Graphing.WorkerService.csproj", "{5F6DD90B-D7D0-3773-449E-A97896F4922E}"
EndProject
Project("{FAE04EC0-301F-11D3-BF4B-00C04F79EFBC}") = "Normalisation.WorkerService", "src\Normalisation.WorkerService\Normalisation.WorkerService.csproj", "{099EE261-F783-B978-543A-6DEF856BC29B}"
EndProject
Project("{FAE04EC0-301F-11D3-BF4B-00C04F79EFBC}") = "Scraper.WorkerService", "src\Scraper.WorkerService\Scraper.WorkerService.csproj", "{ECEE2847-91AF-7829-F9FA-7ED597340EEB}"
EndProject
Project("{FAE04EC0-301F-11D3-BF4B-00C04F79EFBC}") = "Graphing.WebApi", "src\Graphing.WebApi\Graphing.WebApi.csproj", "{720D0A35-1B42-406B-9ED2-B0D5C740585F}"
EndProject
Project("{FAE04EC0-301F-11D3-BF4B-00C04F79EFBC}") = "Streaming.WorkerService", "src\Streaming.WorkerService\Streaming.WorkerService.csproj", "{E09A17ED-FA99-4950-9614-579D51CEC5CB}"
EndProject
Project("{FAE04EC0-301F-11D3-BF4B-00C04F79EFBC}") = "Streaming.WebApi", "src\Streaming.WebApi\Streaming.WebApi.csproj", "{0E2631B3-9829-B981-D84C-BD7E7CCFE204}"
EndProject
Project("{FAE04EC0-301F-11D3-BF4B-00C04F79EFBC}") = "Auth.WebApi", "src\Auth.WebApi\Auth.WebApi.csproj", "{8421ACF5-08E7-4823-8954-453E86AC5D8E}"
EndProject
Project("{2150E333-8FDC-42A3-9474-1A3956D46DE8}") = "infrastructure", "infrastructure", "{778CDE66-D894-48DE-80A1-843C307BDDB5}"
EndProject
Project("{FAE04EC0-301F-11D3-BF4B-00C04F79EFBC}") = "App.Settings", "src\App.Settings\App.Settings.csproj", "{4E805C36-ACA8-4BBC-9D35-DA5C18F60FB0}"
EndProject
Project("{FAE04EC0-301F-11D3-BF4B-00C04F79EFBC}") = "Logging.Factories", "src\Logging.Factories\Logging.Factories.csproj", "{4468072A-C3D0-407F-B357-283BD75A316F}"
EndProject
Project("{2150E333-8FDC-42A3-9474-1A3956D46DE8}") = "Shared", "Shared", "{81CD0868-9350-4F03-9A79-9D7F019994BB}"
EndProject
Project("{2150E333-8FDC-42A3-9474-1A3956D46DE8}") = "Settings", "Settings", "{32B157D7-DB63-4E79-B8FB-DA2102DA78A5}"
EndProject
Project("{2150E333-8FDC-42A3-9474-1A3956D46DE8}") = "Factories", "Factories", "{8A509142-1483-4AB4-B644-CE7E43322390}"
EndProject
Project("{2150E333-8FDC-42A3-9474-1A3956D46DE8}") = "WebApi", "WebApi", "{67D4F37D-3061-40C1-A7A8-BF6C4E01DB4B}"
EndProject
Project("{2150E333-8FDC-42A3-9474-1A3956D46DE8}") = "Cli", "Cli", "{02EA681E-C7D8-13C7-8484-4AC65E1B71E8}"
EndProject
Project("{2150E333-8FDC-42A3-9474-1A3956D46DE8}") = "webui", "webui", "{7096F3EE-D500-42F6-9FF8-F746A65C9CC5}"
EndProject
Project("{2150E333-8FDC-42A3-9474-1A3956D46DE8}") = "Services", "Services", "{ACEB9927-CEE8-43F9-9443-FB73AE91EAD4}"
EndProject
Project("{2150E333-8FDC-42A3-9474-1A3956D46DE8}") = "Shared", "Shared", "{5AE3D0F1-9BAF-4D72-BFB4-AF849911CFD4}"
EndProject
Project("{FAE04EC0-301F-11D3-BF4B-00C04F79EFBC}") = "Requests.Infrastructure", "src\Requests.Infrastructure\Requests.Infrastructure.csproj", "{44294EE8-675B-40CE-8683-912C10CD3BB5}"
EndProject
Project("{FAE04EC0-301F-11D3-BF4B-00C04F79EFBC}") = "Requests.Factories", "src\Requests.Factories\Requests.Factories.csproj", "{2033F3BF-9C92-48F1-8683-E9DFB53EEDD0}"
EndProject
Project("{FAE04EC0-301F-11D3-BF4B-00C04F79EFBC}") = "Caching.Infrastructure", "src\Caching.Infrastructure\Caching.Infrastructure.csproj", "{A9527874-2280-4BA9-8852-A90D6E516A48}"
EndProject
Project("{FAE04EC0-301F-11D3-BF4B-00C04F79EFBC}") = "Caching.Factories", "src\Caching.Factories\Caching.Factories.csproj", "{056E3E2A-BB4F-49DB-A094-C15D73C6E24D}"
EndProject
Project("{FAE04EC0-301F-11D3-BF4B-00C04F79EFBC}") = "Events.Infrastructure", "src\Events.Infrastructure\Events.Infrastructure.csproj", "{14915C8C-C6C4-4FB3-AFE2-5DFB89C21DE9}"
EndProject
Project("{FAE04EC0-301F-11D3-BF4B-00C04F79EFBC}") = "Events.Factories", "src\Events.Factories\Events.Factories.csproj", "{DF072DF0-A552-4FD6-8FCC-E9405145ABCF}"
EndProject
Project("{FAE04EC0-301F-11D3-BF4B-00C04F79EFBC}") = "Crawler.Factories", "src\Crawler.Factories\Crawler.Factories.csproj", "{6E9332F5-8CE0-4BD8-A666-2BFC5442206C}"
EndProject
Project("{FAE04EC0-301F-11D3-BF4B-00C04F79EFBC}") = "Graphing.Factories", "src\Graphing.Factories\Graphing.Factories.csproj", "{9427FAFB-C4EB-4D55-8AD1-B0B4AC1B2424}"
EndProject
Project("{FAE04EC0-301F-11D3-BF4B-00C04F79EFBC}") = "Graphing.Infrastructure", "src\Graphing.Infrastructure\Graphing.Infrastructure.csproj", "{75F6F791-46DF-4512-B25C-6F6B1C7EEB8C}"
EndProject
Project("{FAE04EC0-301F-11D3-BF4B-00C04F79EFBC}") = "Streaming.Infrastructure", "src\Streaming.Infrastructure\Streaming.Infrastructure.csproj", "{EB2FDFE2-2445-4CB0-A421-3A0D4795F397}"
EndProject
Project("{FAE04EC0-301F-11D3-BF4B-00C04F79EFBC}") = "Streaming.Factories", "src\Streaming.Factories\Streaming.Factories.csproj", "{FC31AAB1-A530-4406-8E91-1ED0FB979F5D}"
EndProject
Project("{FAE04EC0-301F-11D3-BF4B-00C04F79EFBC}") = "Scraper.Factories", "src\Scraper.Factories\Scraper.Factories.csproj", "{D1F6DA62-E103-4CA9-ACBB-73E3F7FE86CD}"
EndProject
Project("{FAE04EC0-301F-11D3-BF4B-00C04F79EFBC}") = "Normalisation.Factories", "src\Normalisation.Factories\Normalisation.Factories.csproj", "{3F11415B-4A25-4CA4-8503-E19A53AC1064}"
EndProject
Global
	GlobalSection(SolutionConfigurationPlatforms) = preSolution
		Debug|Any CPU = Debug|Any CPU
		Release|Any CPU = Release|Any CPU
	EndGlobalSection
	GlobalSection(ProjectConfigurationPlatforms) = postSolution
		{B95836EA-A602-41C6-808E-2D85353E627F}.Debug|Any CPU.ActiveCfg = Debug|Any CPU
		{B95836EA-A602-41C6-808E-2D85353E627F}.Debug|Any CPU.Build.0 = Debug|Any CPU
		{B95836EA-A602-41C6-808E-2D85353E627F}.Release|Any CPU.ActiveCfg = Release|Any CPU
		{B95836EA-A602-41C6-808E-2D85353E627F}.Release|Any CPU.Build.0 = Release|Any CPU
		{5B06F9AD-2FCF-4DF1-84B0-4614B08055D9}.Debug|Any CPU.ActiveCfg = Debug|Any CPU
		{5B06F9AD-2FCF-4DF1-84B0-4614B08055D9}.Debug|Any CPU.Build.0 = Debug|Any CPU
		{5B06F9AD-2FCF-4DF1-84B0-4614B08055D9}.Release|Any CPU.ActiveCfg = Release|Any CPU
		{5B06F9AD-2FCF-4DF1-84B0-4614B08055D9}.Release|Any CPU.Build.0 = Release|Any CPU
		{41C8CCAC-18CA-46E8-AA32-048ACF77183F}.Debug|Any CPU.ActiveCfg = Debug|Any CPU
		{41C8CCAC-18CA-46E8-AA32-048ACF77183F}.Debug|Any CPU.Build.0 = Debug|Any CPU
		{41C8CCAC-18CA-46E8-AA32-048ACF77183F}.Release|Any CPU.ActiveCfg = Release|Any CPU
		{41C8CCAC-18CA-46E8-AA32-048ACF77183F}.Release|Any CPU.Build.0 = Release|Any CPU
		{699EE85B-FAB6-48E8-AABA-41F4F5534DB0}.Debug|Any CPU.ActiveCfg = Debug|Any CPU
		{699EE85B-FAB6-48E8-AABA-41F4F5534DB0}.Debug|Any CPU.Build.0 = Debug|Any CPU
		{699EE85B-FAB6-48E8-AABA-41F4F5534DB0}.Release|Any CPU.ActiveCfg = Release|Any CPU
		{699EE85B-FAB6-48E8-AABA-41F4F5534DB0}.Release|Any CPU.Build.0 = Release|Any CPU
		{155EA1E1-432A-4C17-8B12-5B0EEA37107B}.Debug|Any CPU.ActiveCfg = Debug|Any CPU
		{155EA1E1-432A-4C17-8B12-5B0EEA37107B}.Debug|Any CPU.Build.0 = Debug|Any CPU
		{155EA1E1-432A-4C17-8B12-5B0EEA37107B}.Release|Any CPU.ActiveCfg = Release|Any CPU
		{155EA1E1-432A-4C17-8B12-5B0EEA37107B}.Release|Any CPU.Build.0 = Release|Any CPU
		{D3671138-14A2-46C8-91EC-9CC5721163F5}.Debug|Any CPU.ActiveCfg = Debug|Any CPU
		{D3671138-14A2-46C8-91EC-9CC5721163F5}.Debug|Any CPU.Build.0 = Debug|Any CPU
		{D3671138-14A2-46C8-91EC-9CC5721163F5}.Release|Any CPU.ActiveCfg = Release|Any CPU
		{D3671138-14A2-46C8-91EC-9CC5721163F5}.Release|Any CPU.Build.0 = Release|Any CPU
		{155878EB-1864-4E97-AF80-E6B6BB25BAE0}.Debug|Any CPU.ActiveCfg = Debug|Any CPU
		{155878EB-1864-4E97-AF80-E6B6BB25BAE0}.Debug|Any CPU.Build.0 = Debug|Any CPU
		{155878EB-1864-4E97-AF80-E6B6BB25BAE0}.Release|Any CPU.ActiveCfg = Release|Any CPU
		{155878EB-1864-4E97-AF80-E6B6BB25BAE0}.Release|Any CPU.Build.0 = Release|Any CPU
		{4E04F813-A78E-466A-A28E-CA8E3E55EDCA}.Debug|Any CPU.ActiveCfg = Debug|Any CPU
		{4E04F813-A78E-466A-A28E-CA8E3E55EDCA}.Debug|Any CPU.Build.0 = Debug|Any CPU
		{4E04F813-A78E-466A-A28E-CA8E3E55EDCA}.Release|Any CPU.ActiveCfg = Release|Any CPU
		{4E04F813-A78E-466A-A28E-CA8E3E55EDCA}.Release|Any CPU.Build.0 = Release|Any CPU
		{5734677D-164A-47F0-89FA-3B2FD73B81C1}.Debug|Any CPU.ActiveCfg = Debug|Any CPU
		{5734677D-164A-47F0-89FA-3B2FD73B81C1}.Debug|Any CPU.Build.0 = Debug|Any CPU
		{5734677D-164A-47F0-89FA-3B2FD73B81C1}.Release|Any CPU.ActiveCfg = Release|Any CPU
		{5734677D-164A-47F0-89FA-3B2FD73B81C1}.Release|Any CPU.Build.0 = Release|Any CPU
		{3BC7B8B4-70A9-4105-932A-B4B98BE39D47}.Debug|Any CPU.ActiveCfg = Debug|Any CPU
		{3BC7B8B4-70A9-4105-932A-B4B98BE39D47}.Debug|Any CPU.Build.0 = Debug|Any CPU
		{3BC7B8B4-70A9-4105-932A-B4B98BE39D47}.Release|Any CPU.ActiveCfg = Release|Any CPU
		{3BC7B8B4-70A9-4105-932A-B4B98BE39D47}.Release|Any CPU.Build.0 = Release|Any CPU
		{8A128F66-141C-4853-BF94-3BEC36E7FCF9}.Debug|Any CPU.ActiveCfg = Debug|Any CPU
		{8A128F66-141C-4853-BF94-3BEC36E7FCF9}.Debug|Any CPU.Build.0 = Debug|Any CPU
		{8A128F66-141C-4853-BF94-3BEC36E7FCF9}.Release|Any CPU.ActiveCfg = Release|Any CPU
		{8A128F66-141C-4853-BF94-3BEC36E7FCF9}.Release|Any CPU.Build.0 = Release|Any CPU
		{F5E7D232-4DAC-4405-8945-200C4B3CEDD5}.Debug|Any CPU.ActiveCfg = Debug|Any CPU
		{F5E7D232-4DAC-4405-8945-200C4B3CEDD5}.Debug|Any CPU.Build.0 = Debug|Any CPU
		{F5E7D232-4DAC-4405-8945-200C4B3CEDD5}.Release|Any CPU.ActiveCfg = Release|Any CPU
		{F5E7D232-4DAC-4405-8945-200C4B3CEDD5}.Release|Any CPU.Build.0 = Release|Any CPU
		{93FB7F25-0BC5-448F-A4CF-68BF880C5C49}.Debug|Any CPU.ActiveCfg = Debug|Any CPU
		{93FB7F25-0BC5-448F-A4CF-68BF880C5C49}.Debug|Any CPU.Build.0 = Debug|Any CPU
		{93FB7F25-0BC5-448F-A4CF-68BF880C5C49}.Release|Any CPU.ActiveCfg = Release|Any CPU
		{93FB7F25-0BC5-448F-A4CF-68BF880C5C49}.Release|Any CPU.Build.0 = Release|Any CPU
		{4DC9AD9D-B5CD-49E5-9C57-4C1DE333F6C3}.Debug|Any CPU.ActiveCfg = Debug|Any CPU
		{4DC9AD9D-B5CD-49E5-9C57-4C1DE333F6C3}.Debug|Any CPU.Build.0 = Debug|Any CPU
		{4DC9AD9D-B5CD-49E5-9C57-4C1DE333F6C3}.Release|Any CPU.ActiveCfg = Release|Any CPU
		{4DC9AD9D-B5CD-49E5-9C57-4C1DE333F6C3}.Release|Any CPU.Build.0 = Release|Any CPU
		{4039A1E4-C459-4290-3D75-68616CA9CBD3}.Debug|Any CPU.ActiveCfg = Debug|Any CPU
		{4039A1E4-C459-4290-3D75-68616CA9CBD3}.Debug|Any CPU.Build.0 = Debug|Any CPU
		{4039A1E4-C459-4290-3D75-68616CA9CBD3}.Debug|Any CPU.Deploy.0 = Debug|Any CPU
		{4039A1E4-C459-4290-3D75-68616CA9CBD3}.Release|Any CPU.ActiveCfg = Release|Any CPU
		{4039A1E4-C459-4290-3D75-68616CA9CBD3}.Release|Any CPU.Build.0 = Release|Any CPU
		{4039A1E4-C459-4290-3D75-68616CA9CBD3}.Release|Any CPU.Deploy.0 = Release|Any CPU
		{2829FF74-B599-B930-ED33-414FC6011747}.Debug|Any CPU.ActiveCfg = Debug|Any CPU
		{2829FF74-B599-B930-ED33-414FC6011747}.Debug|Any CPU.Build.0 = Debug|Any CPU
		{2829FF74-B599-B930-ED33-414FC6011747}.Release|Any CPU.ActiveCfg = Release|Any CPU
		{2829FF74-B599-B930-ED33-414FC6011747}.Release|Any CPU.Build.0 = Release|Any CPU
		{5F6DD90B-D7D0-3773-449E-A97896F4922E}.Debug|Any CPU.ActiveCfg = Debug|Any CPU
		{5F6DD90B-D7D0-3773-449E-A97896F4922E}.Debug|Any CPU.Build.0 = Debug|Any CPU
		{5F6DD90B-D7D0-3773-449E-A97896F4922E}.Release|Any CPU.ActiveCfg = Release|Any CPU
		{5F6DD90B-D7D0-3773-449E-A97896F4922E}.Release|Any CPU.Build.0 = Release|Any CPU
		{099EE261-F783-B978-543A-6DEF856BC29B}.Debug|Any CPU.ActiveCfg = Debug|Any CPU
		{099EE261-F783-B978-543A-6DEF856BC29B}.Debug|Any CPU.Build.0 = Debug|Any CPU
		{099EE261-F783-B978-543A-6DEF856BC29B}.Release|Any CPU.ActiveCfg = Release|Any CPU
		{099EE261-F783-B978-543A-6DEF856BC29B}.Release|Any CPU.Build.0 = Release|Any CPU
		{ECEE2847-91AF-7829-F9FA-7ED597340EEB}.Debug|Any CPU.ActiveCfg = Debug|Any CPU
		{ECEE2847-91AF-7829-F9FA-7ED597340EEB}.Debug|Any CPU.Build.0 = Debug|Any CPU
		{ECEE2847-91AF-7829-F9FA-7ED597340EEB}.Release|Any CPU.ActiveCfg = Release|Any CPU
		{ECEE2847-91AF-7829-F9FA-7ED597340EEB}.Release|Any CPU.Build.0 = Release|Any CPU
		{720D0A35-1B42-406B-9ED2-B0D5C740585F}.Debug|Any CPU.ActiveCfg = Debug|Any CPU
		{720D0A35-1B42-406B-9ED2-B0D5C740585F}.Debug|Any CPU.Build.0 = Debug|Any CPU
		{720D0A35-1B42-406B-9ED2-B0D5C740585F}.Release|Any CPU.ActiveCfg = Release|Any CPU
		{720D0A35-1B42-406B-9ED2-B0D5C740585F}.Release|Any CPU.Build.0 = Release|Any CPU
		{E09A17ED-FA99-4950-9614-579D51CEC5CB}.Debug|Any CPU.ActiveCfg = Debug|Any CPU
		{E09A17ED-FA99-4950-9614-579D51CEC5CB}.Debug|Any CPU.Build.0 = Debug|Any CPU
		{E09A17ED-FA99-4950-9614-579D51CEC5CB}.Release|Any CPU.ActiveCfg = Release|Any CPU
		{E09A17ED-FA99-4950-9614-579D51CEC5CB}.Release|Any CPU.Build.0 = Release|Any CPU
		{0E2631B3-9829-B981-D84C-BD7E7CCFE204}.Debug|Any CPU.ActiveCfg = Debug|Any CPU
		{0E2631B3-9829-B981-D84C-BD7E7CCFE204}.Debug|Any CPU.Build.0 = Debug|Any CPU
		{0E2631B3-9829-B981-D84C-BD7E7CCFE204}.Release|Any CPU.ActiveCfg = Release|Any CPU
		{0E2631B3-9829-B981-D84C-BD7E7CCFE204}.Release|Any CPU.Build.0 = Release|Any CPU
		{8421ACF5-08E7-4823-8954-453E86AC5D8E}.Debug|Any CPU.ActiveCfg = Debug|Any CPU
		{8421ACF5-08E7-4823-8954-453E86AC5D8E}.Debug|Any CPU.Build.0 = Debug|Any CPU
		{8421ACF5-08E7-4823-8954-453E86AC5D8E}.Release|Any CPU.ActiveCfg = Release|Any CPU
		{8421ACF5-08E7-4823-8954-453E86AC5D8E}.Release|Any CPU.Build.0 = Release|Any CPU
		{4E805C36-ACA8-4BBC-9D35-DA5C18F60FB0}.Debug|Any CPU.ActiveCfg = Debug|Any CPU
		{4E805C36-ACA8-4BBC-9D35-DA5C18F60FB0}.Debug|Any CPU.Build.0 = Debug|Any CPU
		{4E805C36-ACA8-4BBC-9D35-DA5C18F60FB0}.Release|Any CPU.ActiveCfg = Release|Any CPU
		{4E805C36-ACA8-4BBC-9D35-DA5C18F60FB0}.Release|Any CPU.Build.0 = Release|Any CPU
		{4468072A-C3D0-407F-B357-283BD75A316F}.Debug|Any CPU.ActiveCfg = Debug|Any CPU
		{4468072A-C3D0-407F-B357-283BD75A316F}.Debug|Any CPU.Build.0 = Debug|Any CPU
		{4468072A-C3D0-407F-B357-283BD75A316F}.Release|Any CPU.ActiveCfg = Release|Any CPU
		{4468072A-C3D0-407F-B357-283BD75A316F}.Release|Any CPU.Build.0 = Release|Any CPU
		{44294EE8-675B-40CE-8683-912C10CD3BB5}.Debug|Any CPU.ActiveCfg = Debug|Any CPU
		{44294EE8-675B-40CE-8683-912C10CD3BB5}.Debug|Any CPU.Build.0 = Debug|Any CPU
		{44294EE8-675B-40CE-8683-912C10CD3BB5}.Release|Any CPU.ActiveCfg = Release|Any CPU
		{44294EE8-675B-40CE-8683-912C10CD3BB5}.Release|Any CPU.Build.0 = Release|Any CPU
		{2033F3BF-9C92-48F1-8683-E9DFB53EEDD0}.Debug|Any CPU.ActiveCfg = Debug|Any CPU
		{2033F3BF-9C92-48F1-8683-E9DFB53EEDD0}.Debug|Any CPU.Build.0 = Debug|Any CPU
		{2033F3BF-9C92-48F1-8683-E9DFB53EEDD0}.Release|Any CPU.ActiveCfg = Release|Any CPU
		{2033F3BF-9C92-48F1-8683-E9DFB53EEDD0}.Release|Any CPU.Build.0 = Release|Any CPU
		{A9527874-2280-4BA9-8852-A90D6E516A48}.Debug|Any CPU.ActiveCfg = Debug|Any CPU
		{A9527874-2280-4BA9-8852-A90D6E516A48}.Debug|Any CPU.Build.0 = Debug|Any CPU
		{A9527874-2280-4BA9-8852-A90D6E516A48}.Release|Any CPU.ActiveCfg = Release|Any CPU
		{A9527874-2280-4BA9-8852-A90D6E516A48}.Release|Any CPU.Build.0 = Release|Any CPU
		{056E3E2A-BB4F-49DB-A094-C15D73C6E24D}.Debug|Any CPU.ActiveCfg = Debug|Any CPU
		{056E3E2A-BB4F-49DB-A094-C15D73C6E24D}.Debug|Any CPU.Build.0 = Debug|Any CPU
		{056E3E2A-BB4F-49DB-A094-C15D73C6E24D}.Release|Any CPU.ActiveCfg = Release|Any CPU
		{056E3E2A-BB4F-49DB-A094-C15D73C6E24D}.Release|Any CPU.Build.0 = Release|Any CPU
		{14915C8C-C6C4-4FB3-AFE2-5DFB89C21DE9}.Debug|Any CPU.ActiveCfg = Debug|Any CPU
		{14915C8C-C6C4-4FB3-AFE2-5DFB89C21DE9}.Debug|Any CPU.Build.0 = Debug|Any CPU
		{14915C8C-C6C4-4FB3-AFE2-5DFB89C21DE9}.Release|Any CPU.ActiveCfg = Release|Any CPU
		{14915C8C-C6C4-4FB3-AFE2-5DFB89C21DE9}.Release|Any CPU.Build.0 = Release|Any CPU
		{DF072DF0-A552-4FD6-8FCC-E9405145ABCF}.Debug|Any CPU.ActiveCfg = Debug|Any CPU
		{DF072DF0-A552-4FD6-8FCC-E9405145ABCF}.Debug|Any CPU.Build.0 = Debug|Any CPU
		{DF072DF0-A552-4FD6-8FCC-E9405145ABCF}.Release|Any CPU.ActiveCfg = Release|Any CPU
		{DF072DF0-A552-4FD6-8FCC-E9405145ABCF}.Release|Any CPU.Build.0 = Release|Any CPU
		{6E9332F5-8CE0-4BD8-A666-2BFC5442206C}.Debug|Any CPU.ActiveCfg = Debug|Any CPU
		{6E9332F5-8CE0-4BD8-A666-2BFC5442206C}.Debug|Any CPU.Build.0 = Debug|Any CPU
		{6E9332F5-8CE0-4BD8-A666-2BFC5442206C}.Release|Any CPU.ActiveCfg = Release|Any CPU
		{6E9332F5-8CE0-4BD8-A666-2BFC5442206C}.Release|Any CPU.Build.0 = Release|Any CPU
		{9427FAFB-C4EB-4D55-8AD1-B0B4AC1B2424}.Debug|Any CPU.ActiveCfg = Debug|Any CPU
		{9427FAFB-C4EB-4D55-8AD1-B0B4AC1B2424}.Debug|Any CPU.Build.0 = Debug|Any CPU
		{9427FAFB-C4EB-4D55-8AD1-B0B4AC1B2424}.Release|Any CPU.ActiveCfg = Release|Any CPU
		{9427FAFB-C4EB-4D55-8AD1-B0B4AC1B2424}.Release|Any CPU.Build.0 = Release|Any CPU
		{75F6F791-46DF-4512-B25C-6F6B1C7EEB8C}.Debug|Any CPU.ActiveCfg = Debug|Any CPU
		{75F6F791-46DF-4512-B25C-6F6B1C7EEB8C}.Debug|Any CPU.Build.0 = Debug|Any CPU
		{75F6F791-46DF-4512-B25C-6F6B1C7EEB8C}.Release|Any CPU.ActiveCfg = Release|Any CPU
		{75F6F791-46DF-4512-B25C-6F6B1C7EEB8C}.Release|Any CPU.Build.0 = Release|Any CPU
		{EB2FDFE2-2445-4CB0-A421-3A0D4795F397}.Debug|Any CPU.ActiveCfg = Debug|Any CPU
		{EB2FDFE2-2445-4CB0-A421-3A0D4795F397}.Debug|Any CPU.Build.0 = Debug|Any CPU
		{EB2FDFE2-2445-4CB0-A421-3A0D4795F397}.Release|Any CPU.ActiveCfg = Release|Any CPU
		{EB2FDFE2-2445-4CB0-A421-3A0D4795F397}.Release|Any CPU.Build.0 = Release|Any CPU
		{FC31AAB1-A530-4406-8E91-1ED0FB979F5D}.Debug|Any CPU.ActiveCfg = Debug|Any CPU
		{FC31AAB1-A530-4406-8E91-1ED0FB979F5D}.Debug|Any CPU.Build.0 = Debug|Any CPU
		{FC31AAB1-A530-4406-8E91-1ED0FB979F5D}.Release|Any CPU.ActiveCfg = Release|Any CPU
		{FC31AAB1-A530-4406-8E91-1ED0FB979F5D}.Release|Any CPU.Build.0 = Release|Any CPU
		{D1F6DA62-E103-4CA9-ACBB-73E3F7FE86CD}.Debug|Any CPU.ActiveCfg = Debug|Any CPU
		{D1F6DA62-E103-4CA9-ACBB-73E3F7FE86CD}.Debug|Any CPU.Build.0 = Debug|Any CPU
		{D1F6DA62-E103-4CA9-ACBB-73E3F7FE86CD}.Release|Any CPU.ActiveCfg = Release|Any CPU
		{D1F6DA62-E103-4CA9-ACBB-73E3F7FE86CD}.Release|Any CPU.Build.0 = Release|Any CPU
		{3F11415B-4A25-4CA4-8503-E19A53AC1064}.Debug|Any CPU.ActiveCfg = Debug|Any CPU
		{3F11415B-4A25-4CA4-8503-E19A53AC1064}.Debug|Any CPU.Build.0 = Debug|Any CPU
		{3F11415B-4A25-4CA4-8503-E19A53AC1064}.Release|Any CPU.ActiveCfg = Release|Any CPU
		{3F11415B-4A25-4CA4-8503-E19A53AC1064}.Release|Any CPU.Build.0 = Release|Any CPU
	EndGlobalSection
	GlobalSection(SolutionProperties) = preSolution
		HideSolutionNode = FALSE
	EndGlobalSection
	GlobalSection(NestedProjects) = preSolution
		{B95836EA-A602-41C6-808E-2D85353E627F} = {785AE35B-D59A-48BB-9CB5-2EBDA56F1248}
		{5B06F9AD-2FCF-4DF1-84B0-4614B08055D9} = {ACEB9927-CEE8-43F9-9443-FB73AE91EAD4}
		{41C8CCAC-18CA-46E8-AA32-048ACF77183F} = {ACEB9927-CEE8-43F9-9443-FB73AE91EAD4}
		{699EE85B-FAB6-48E8-AABA-41F4F5534DB0} = {ACEB9927-CEE8-43F9-9443-FB73AE91EAD4}
		{155EA1E1-432A-4C17-8B12-5B0EEA37107B} = {ACEB9927-CEE8-43F9-9443-FB73AE91EAD4}
		{D3671138-14A2-46C8-91EC-9CC5721163F5} = {5AE3D0F1-9BAF-4D72-BFB4-AF849911CFD4}
		{155878EB-1864-4E97-AF80-E6B6BB25BAE0} = {5AE3D0F1-9BAF-4D72-BFB4-AF849911CFD4}
		{4E04F813-A78E-466A-A28E-CA8E3E55EDCA} = {5AE3D0F1-9BAF-4D72-BFB4-AF849911CFD4}
		{5734677D-164A-47F0-89FA-3B2FD73B81C1} = {02EA681E-C7D8-13C7-8484-4AC65E1B71E8}
		{3BC7B8B4-70A9-4105-932A-B4B98BE39D47} = {785AE35B-D59A-48BB-9CB5-2EBDA56F1248}
		{8A128F66-141C-4853-BF94-3BEC36E7FCF9} = {785AE35B-D59A-48BB-9CB5-2EBDA56F1248}
		{F5E7D232-4DAC-4405-8945-200C4B3CEDD5} = {785AE35B-D59A-48BB-9CB5-2EBDA56F1248}
		{93FB7F25-0BC5-448F-A4CF-68BF880C5C49} = {ACEB9927-CEE8-43F9-9443-FB73AE91EAD4}
		{4DC9AD9D-B5CD-49E5-9C57-4C1DE333F6C3} = {785AE35B-D59A-48BB-9CB5-2EBDA56F1248}
		{4039A1E4-C459-4290-3D75-68616CA9CBD3} = {7096F3EE-D500-42F6-9FF8-F746A65C9CC5}
		{3C42F4C1-7AB7-4DA8-A951-36D2E07F62A9} = {82C3C83E-1FAE-4950-9A5F-AEE5AB823C11}
		{2829FF74-B599-B930-ED33-414FC6011747} = {3C42F4C1-7AB7-4DA8-A951-36D2E07F62A9}
		{5F6DD90B-D7D0-3773-449E-A97896F4922E} = {3C42F4C1-7AB7-4DA8-A951-36D2E07F62A9}
		{099EE261-F783-B978-543A-6DEF856BC29B} = {3C42F4C1-7AB7-4DA8-A951-36D2E07F62A9}
		{ECEE2847-91AF-7829-F9FA-7ED597340EEB} = {3C42F4C1-7AB7-4DA8-A951-36D2E07F62A9}
		{720D0A35-1B42-406B-9ED2-B0D5C740585F} = {67D4F37D-3061-40C1-A7A8-BF6C4E01DB4B}
		{E09A17ED-FA99-4950-9614-579D51CEC5CB} = {3C42F4C1-7AB7-4DA8-A951-36D2E07F62A9}
		{0E2631B3-9829-B981-D84C-BD7E7CCFE204} = {67D4F37D-3061-40C1-A7A8-BF6C4E01DB4B}
		{8421ACF5-08E7-4823-8954-453E86AC5D8E} = {67D4F37D-3061-40C1-A7A8-BF6C4E01DB4B}
		{4E805C36-ACA8-4BBC-9D35-DA5C18F60FB0} = {32B157D7-DB63-4E79-B8FB-DA2102DA78A5}
		{4468072A-C3D0-407F-B357-283BD75A316F} = {8A509142-1483-4AB4-B644-CE7E43322390}
		{81CD0868-9350-4F03-9A79-9D7F019994BB} = {82C3C83E-1FAE-4950-9A5F-AEE5AB823C11}
		{32B157D7-DB63-4E79-B8FB-DA2102DA78A5} = {81CD0868-9350-4F03-9A79-9D7F019994BB}
		{8A509142-1483-4AB4-B644-CE7E43322390} = {81CD0868-9350-4F03-9A79-9D7F019994BB}
		{67D4F37D-3061-40C1-A7A8-BF6C4E01DB4B} = {81CD0868-9350-4F03-9A79-9D7F019994BB}
		{02EA681E-C7D8-13C7-8484-4AC65E1B71E8} = {82C3C83E-1FAE-4950-9A5F-AEE5AB823C11}
		{ACEB9927-CEE8-43F9-9443-FB73AE91EAD4} = {918A18B5-B3A1-4EF9-8B23-3DCBB4E886B3}
		{5AE3D0F1-9BAF-4D72-BFB4-AF849911CFD4} = {918A18B5-B3A1-4EF9-8B23-3DCBB4E886B3}
		{44294EE8-675B-40CE-8683-912C10CD3BB5} = {778CDE66-D894-48DE-80A1-843C307BDDB5}
		{2033F3BF-9C92-48F1-8683-E9DFB53EEDD0} = {8A509142-1483-4AB4-B644-CE7E43322390}
		{A9527874-2280-4BA9-8852-A90D6E516A48} = {778CDE66-D894-48DE-80A1-843C307BDDB5}
		{056E3E2A-BB4F-49DB-A094-C15D73C6E24D} = {8A509142-1483-4AB4-B644-CE7E43322390}
		{14915C8C-C6C4-4FB3-AFE2-5DFB89C21DE9} = {778CDE66-D894-48DE-80A1-843C307BDDB5}
		{DF072DF0-A552-4FD6-8FCC-E9405145ABCF} = {8A509142-1483-4AB4-B644-CE7E43322390}
		{6E9332F5-8CE0-4BD8-A666-2BFC5442206C} = {8A509142-1483-4AB4-B644-CE7E43322390}
		{9427FAFB-C4EB-4D55-8AD1-B0B4AC1B2424} = {8A509142-1483-4AB4-B644-CE7E43322390}
		{75F6F791-46DF-4512-B25C-6F6B1C7EEB8C} = {778CDE66-D894-48DE-80A1-843C307BDDB5}
		{EB2FDFE2-2445-4CB0-A421-3A0D4795F397} = {778CDE66-D894-48DE-80A1-843C307BDDB5}
		{FC31AAB1-A530-4406-8E91-1ED0FB979F5D} = {8A509142-1483-4AB4-B644-CE7E43322390}
		{D1F6DA62-E103-4CA9-ACBB-73E3F7FE86CD} = {8A509142-1483-4AB4-B644-CE7E43322390}
		{3F11415B-4A25-4CA4-8503-E19A53AC1064} = {8A509142-1483-4AB4-B644-CE7E43322390}
	EndGlobalSection
	GlobalSection(ExtensibilityGlobals) = postSolution
		SolutionGuid = {B99AE7C8-1566-45E6-8A0C-24230118B3F6}
	EndGlobalSection
EndGlobal
