
Microsoft Visual Studio Solution File, Format Version 12.00
# Visual Studio Version 17
VisualStudioVersion = 17.12.35707.178
MinimumVisualStudioVersion = 10.0.40219.1
Project("{2150E333-8FDC-42A3-9474-1A3956D46DE8}") = "src", "src", "{918A18B5-B3A1-4EF9-8B23-3DCBB4E886B3}"
EndProject
Project("{2150E333-8FDC-42A3-9474-1A3956D46DE8}") = "Service.Crawler", "Service.Crawler", "{D7CEF4D1-BF81-47B9-A16B-D10E7F465EEE}"
EndProject
Project("{2150E333-8FDC-42A3-9474-1A3956D46DE8}") = "Service.Normalisation", "Service.Normalisation", "{8FF91B78-8360-41A0-ABF6-CD9CB2A1FC65}"
EndProject
Project("{2150E333-8FDC-42A3-9474-1A3956D46DE8}") = "Service.Scraper", "Service.Scraper", "{27C1F808-E035-4967-9D8B-ADEE3054BEF1}"
EndProject
Project("{2150E333-8FDC-42A3-9474-1A3956D46DE8}") = "Shared.Caching", "Shared.Caching", "{2D37E124-41B3-46C8-B871-47295C0DAF58}"
EndProject
Project("{2150E333-8FDC-42A3-9474-1A3956D46DE8}") = "Shared.Events", "Shared.Events", "{65FCCC45-A036-4665-836F-ADC31C3D9D3C}"
EndProject
Project("{2150E333-8FDC-42A3-9474-1A3956D46DE8}") = "tests", "tests", "{785AE35B-D59A-48BB-9CB5-2EBDA56F1248}"
EndProject
Project("{2150E333-8FDC-42A3-9474-1A3956D46DE8}") = "apps", "apps", "{82C3C83E-1FAE-4950-9A5F-AEE5AB823C11}"
EndProject
Project("{2150E333-8FDC-42A3-9474-1A3956D46DE8}") = "Service.Graphing", "Service.Graphing", "{2ACB9358-1285-4303-9C01-3CA9A98B72C9}"
EndProject
Project("{2150E333-8FDC-42A3-9474-1A3956D46DE8}") = "Shared.Requests", "Shared.Requests", "{7B8B0DD5-17B9-45F9-8D2A-B50CF41E9E8E}"
EndProject
Project("{FAE04EC0-301F-11D3-BF4B-00C04F79EFBC}") = "Service.Normalisation.Tests", "tests\Service.Normalisation.Tests\Service.Normalisation.Tests.csproj", "{B95836EA-A602-41C6-808E-2D85353E627F}"
EndProject
Project("{FAE04EC0-301F-11D3-BF4B-00C04F79EFBC}") = "Graphing.Core", "src\Graphing.Core\Graphing.Core.csproj", "{5B06F9AD-2FCF-4DF1-84B0-4614B08055D9}"
EndProject
Project("{FAE04EC0-301F-11D3-BF4B-00C04F79EFBC}") = "Normalisation.Core", "src\Normalisation.Core\Normalisation.Core.csproj", "{41C8CCAC-18CA-46E8-AA32-048ACF77183F}"
EndProject
Project("{FAE04EC0-301F-11D3-BF4B-00C04F79EFBC}") = "Crawler.Core", "src\Crawler.Core\Crawler.Core.csproj", "{699EE85B-FAB6-48E8-AABA-41F4F5534DB0}"
EndProject
Project("{FAE04EC0-301F-11D3-BF4B-00C04F79EFBC}") = "Scraper.Core", "src\Scraper.Core\Scraper.Core.csproj", "{155EA1E1-432A-4C17-8B12-5B0EEA37107B}"
EndProject
Project("{FAE04EC0-301F-11D3-BF4B-00C04F79EFBC}") = "Caching.Core", "src\Caching.Core\Caching.Core.csproj", "{D3671138-14A2-46C8-91EC-9CC5721163F5}"
EndProject
Project("{FAE04EC0-301F-11D3-BF4B-00C04F79EFBC}") = "Events.Core", "src\Events.Core\Events.Core.csproj", "{155878EB-1864-4E97-AF80-E6B6BB25BAE0}"
EndProject
Project("{FAE04EC0-301F-11D3-BF4B-00C04F79EFBC}") = "Requests.Core", "src\Requests.Core\Requests.Core.csproj", "{4E04F813-A78E-466A-A28E-CA8E3E55EDCA}"
EndProject
Project("{FAE04EC0-301F-11D3-BF4B-00C04F79EFBC}") = "WebGrapher.Cli", "src\WebGrapher.Cli\WebGrapher.Cli.csproj", "{5734677D-164A-47F0-89FA-3B2FD73B81C1}"
EndProject
Project("{2150E333-8FDC-42A3-9474-1A3956D46DE8}") = "docs", "docs", "{BB7B2304-C0E6-4178-9ABD-D2C5CEFE9045}"
	ProjectSection(SolutionItems) = preProject
		docs\getting-started.md = docs\getting-started.md
		docs\README.md = docs\README.md
		docs\webgrapher_highlevel_architecture_screenshot.png = docs\webgrapher_highlevel_architecture_screenshot.png
		docs\webgrapher_live_demo-screenshot.png = docs\webgrapher_live_demo-screenshot.png
		docs\webgrapher_product_walkthrough_screenshot.png = docs\webgrapher_product_walkthrough_screenshot.png
	EndProjectSection
EndProject
Project("{FAE04EC0-301F-11D3-BF4B-00C04F79EFBC}") = "Service.Scraper.Tests", "tests\Service.Scraper.Tests\Service.Scraper.Tests.csproj", "{3BC7B8B4-70A9-4105-932A-B4B98BE39D47}"
EndProject
Project("{FAE04EC0-301F-11D3-BF4B-00C04F79EFBC}") = "Shared.Requests", "tests\Shared.Requests\Shared.Requests.csproj", "{8A128F66-141C-4853-BF94-3BEC36E7FCF9}"
EndProject
Project("{FAE04EC0-301F-11D3-BF4B-00C04F79EFBC}") = "Shared.Caching.Tests", "tests\Shared.Caching.Tests\Shared.Caching.Tests.csproj", "{F5E7D232-4DAC-4405-8945-200C4B3CEDD5}"
EndProject
Project("{2150E333-8FDC-42A3-9474-1A3956D46DE8}") = "Service.Streaming", "Service.Streaming", "{F1557BF3-4839-4B5F-A520-43AB129E270C}"
EndProject
Project("{FAE04EC0-301F-11D3-BF4B-00C04F79EFBC}") = "Streaming.Core", "src\Streaming.Core\Streaming.Core.csproj", "{93FB7F25-0BC5-448F-A4CF-68BF880C5C49}"
EndProject
Project("{FAE04EC0-301F-11D3-BF4B-00C04F79EFBC}") = "Service.Graphing.Tests", "tests\Service.Graphing.Tests\Service.Graphing.Tests.csproj", "{4DC9AD9D-B5CD-49E5-9C57-4C1DE333F6C3}"
EndProject
Project("{54A90642-561A-4BB1-A94E-469ADEE60C69}") = "webgrapher.webui", "src\webgrapher.webui\webgrapher.webui.esproj", "{4039A1E4-C459-4290-3D75-68616CA9CBD3}"
EndProject
Project("{2150E333-8FDC-42A3-9474-1A3956D46DE8}") = "Shared.Settings", "Shared.Settings", "{FEA42193-2CE1-4FEB-B1A4-808CBCD56CDC}"
EndProject
Project("{FAE04EC0-301F-11D3-BF4B-00C04F79EFBC}") = "Settings.Core", "src\Settings.Core\Settings.Core.csproj", "{2E2AFF9E-1FBE-171E-63AA-F698AD0EA057}"
EndProject
Project("{2150E333-8FDC-42A3-9474-1A3956D46DE8}") = "Shared.Logging", "Shared.Logging", "{46601EB2-C9C9-4A72-AF58-C86CAE5CA788}"
EndProject
Project("{FAE04EC0-301F-11D3-BF4B-00C04F79EFBC}") = "Logging.Core", "src\Logging.Core\Logging.Core.csproj", "{1814DB5C-2DD0-413E-A47A-DEF13A01E053}"
EndProject
Project("{2150E333-8FDC-42A3-9474-1A3956D46DE8}") = "Shared.WebApi", "Shared.WebApi", "{02EA681E-C7D8-13C7-8484-4AC65E1B71E8}"
EndProject
Project("{2150E333-8FDC-42A3-9474-1A3956D46DE8}") = "WebGrapher.Workers", "WebGrapher.Workers", "{3C42F4C1-7AB7-4DA8-A951-36D2E07F62A9}"
EndProject
Project("{FAE04EC0-301F-11D3-BF4B-00C04F79EFBC}") = "Crawler.WorkerService", "src\Crawler.WorkerService\Crawler.WorkerService.csproj", "{2829FF74-B599-B930-ED33-414FC6011747}"
EndProject
Project("{FAE04EC0-301F-11D3-BF4B-00C04F79EFBC}") = "Graphing.WorkerService", "src\Graphing.WorkerService\Graphing.WorkerService.csproj", "{5F6DD90B-D7D0-3773-449E-A97896F4922E}"
EndProject
Project("{FAE04EC0-301F-11D3-BF4B-00C04F79EFBC}") = "Normalisation.WorkerService", "src\Normalisation.WorkerService\Normalisation.WorkerService.csproj", "{099EE261-F783-B978-543A-6DEF856BC29B}"
EndProject
Project("{FAE04EC0-301F-11D3-BF4B-00C04F79EFBC}") = "Scraper.WorkerService", "src\Scraper.WorkerService\Scraper.WorkerService.csproj", "{ECEE2847-91AF-7829-F9FA-7ED597340EEB}"
EndProject
Project("{FAE04EC0-301F-11D3-BF4B-00C04F79EFBC}") = "Graphing.WebApi", "src\Graphing.WebApi\Graphing.WebApi.csproj", "{720D0A35-1B42-406B-9ED2-B0D5C740585F}"
EndProject
Project("{FAE04EC0-301F-11D3-BF4B-00C04F79EFBC}") = "Streaming.WorkerService", "src\Streaming.WorkerService\Streaming.WorkerService.csproj", "{E09A17ED-FA99-4950-9614-579D51CEC5CB}"
EndProject
Project("{FAE04EC0-301F-11D3-BF4B-00C04F79EFBC}") = "Streaming.WebApi", "src\Streaming.WebApi\Streaming.WebApi.csproj", "{0E2631B3-9829-B981-D84C-BD7E7CCFE204}"
EndProject
Project("{FAE04EC0-301F-11D3-BF4B-00C04F79EFBC}") = "Auth.WebApi", "src\Auth.WebApi\Auth.WebApi.csproj", "{8421ACF5-08E7-4823-8954-453E86AC5D8E}"
EndProject
Global
	GlobalSection(SolutionConfigurationPlatforms) = preSolution
		Debug|Any CPU = Debug|Any CPU
		Release|Any CPU = Release|Any CPU
	EndGlobalSection
	GlobalSection(ProjectConfigurationPlatforms) = postSolution
		{B95836EA-A602-41C6-808E-2D85353E627F}.Debug|Any CPU.ActiveCfg = Debug|Any CPU
		{B95836EA-A602-41C6-808E-2D85353E627F}.Debug|Any CPU.Build.0 = Debug|Any CPU
		{B95836EA-A602-41C6-808E-2D85353E627F}.Release|Any CPU.ActiveCfg = Release|Any CPU
		{B95836EA-A602-41C6-808E-2D85353E627F}.Release|Any CPU.Build.0 = Release|Any CPU
		{5B06F9AD-2FCF-4DF1-84B0-4614B08055D9}.Debug|Any CPU.ActiveCfg = Debug|Any CPU
		{5B06F9AD-2FCF-4DF1-84B0-4614B08055D9}.Debug|Any CPU.Build.0 = Debug|Any CPU
		{5B06F9AD-2FCF-4DF1-84B0-4614B08055D9}.Release|Any CPU.ActiveCfg = Release|Any CPU
		{5B06F9AD-2FCF-4DF1-84B0-4614B08055D9}.Release|Any CPU.Build.0 = Release|Any CPU
		{41C8CCAC-18CA-46E8-AA32-048ACF77183F}.Debug|Any CPU.ActiveCfg = Debug|Any CPU
		{41C8CCAC-18CA-46E8-AA32-048ACF77183F}.Debug|Any CPU.Build.0 = Debug|Any CPU
		{41C8CCAC-18CA-46E8-AA32-048ACF77183F}.Release|Any CPU.ActiveCfg = Release|Any CPU
		{41C8CCAC-18CA-46E8-AA32-048ACF77183F}.Release|Any CPU.Build.0 = Release|Any CPU
		{699EE85B-FAB6-48E8-AABA-41F4F5534DB0}.Debug|Any CPU.ActiveCfg = Debug|Any CPU
		{699EE85B-FAB6-48E8-AABA-41F4F5534DB0}.Debug|Any CPU.Build.0 = Debug|Any CPU
		{699EE85B-FAB6-48E8-AABA-41F4F5534DB0}.Release|Any CPU.ActiveCfg = Release|Any CPU
		{699EE85B-FAB6-48E8-AABA-41F4F5534DB0}.Release|Any CPU.Build.0 = Release|Any CPU
		{155EA1E1-432A-4C17-8B12-5B0EEA37107B}.Debug|Any CPU.ActiveCfg = Debug|Any CPU
		{155EA1E1-432A-4C17-8B12-5B0EEA37107B}.Debug|Any CPU.Build.0 = Debug|Any CPU
		{155EA1E1-432A-4C17-8B12-5B0EEA37107B}.Release|Any CPU.ActiveCfg = Release|Any CPU
		{155EA1E1-432A-4C17-8B12-5B0EEA37107B}.Release|Any CPU.Build.0 = Release|Any CPU
		{D3671138-14A2-46C8-91EC-9CC5721163F5}.Debug|Any CPU.ActiveCfg = Debug|Any CPU
		{D3671138-14A2-46C8-91EC-9CC5721163F5}.Debug|Any CPU.Build.0 = Debug|Any CPU
		{D3671138-14A2-46C8-91EC-9CC5721163F5}.Release|Any CPU.ActiveCfg = Release|Any CPU
		{D3671138-14A2-46C8-91EC-9CC5721163F5}.Release|Any CPU.Build.0 = Release|Any CPU
		{155878EB-1864-4E97-AF80-E6B6BB25BAE0}.Debug|Any CPU.ActiveCfg = Debug|Any CPU
		{155878EB-1864-4E97-AF80-E6B6BB25BAE0}.Debug|Any CPU.Build.0 = Debug|Any CPU
		{155878EB-1864-4E97-AF80-E6B6BB25BAE0}.Release|Any CPU.ActiveCfg = Release|Any CPU
		{155878EB-1864-4E97-AF80-E6B6BB25BAE0}.Release|Any CPU.Build.0 = Release|Any CPU
		{4E04F813-A78E-466A-A28E-CA8E3E55EDCA}.Debug|Any CPU.ActiveCfg = Debug|Any CPU
		{4E04F813-A78E-466A-A28E-CA8E3E55EDCA}.Debug|Any CPU.Build.0 = Debug|Any CPU
		{4E04F813-A78E-466A-A28E-CA8E3E55EDCA}.Release|Any CPU.ActiveCfg = Release|Any CPU
		{4E04F813-A78E-466A-A28E-CA8E3E55EDCA}.Release|Any CPU.Build.0 = Release|Any CPU
		{5734677D-164A-47F0-89FA-3B2FD73B81C1}.Debug|Any CPU.ActiveCfg = Debug|Any CPU
		{5734677D-164A-47F0-89FA-3B2FD73B81C1}.Debug|Any CPU.Build.0 = Debug|Any CPU
		{5734677D-164A-47F0-89FA-3B2FD73B81C1}.Release|Any CPU.ActiveCfg = Release|Any CPU
		{5734677D-164A-47F0-89FA-3B2FD73B81C1}.Release|Any CPU.Build.0 = Release|Any CPU
		{3BC7B8B4-70A9-4105-932A-B4B98BE39D47}.Debug|Any CPU.ActiveCfg = Debug|Any CPU
		{3BC7B8B4-70A9-4105-932A-B4B98BE39D47}.Debug|Any CPU.Build.0 = Debug|Any CPU
		{3BC7B8B4-70A9-4105-932A-B4B98BE39D47}.Release|Any CPU.ActiveCfg = Release|Any CPU
		{3BC7B8B4-70A9-4105-932A-B4B98BE39D47}.Release|Any CPU.Build.0 = Release|Any CPU
		{8A128F66-141C-4853-BF94-3BEC36E7FCF9}.Debug|Any CPU.ActiveCfg = Debug|Any CPU
		{8A128F66-141C-4853-BF94-3BEC36E7FCF9}.Debug|Any CPU.Build.0 = Debug|Any CPU
		{8A128F66-141C-4853-BF94-3BEC36E7FCF9}.Release|Any CPU.ActiveCfg = Release|Any CPU
		{8A128F66-141C-4853-BF94-3BEC36E7FCF9}.Release|Any CPU.Build.0 = Release|Any CPU
		{F5E7D232-4DAC-4405-8945-200C4B3CEDD5}.Debug|Any CPU.ActiveCfg = Debug|Any CPU
		{F5E7D232-4DAC-4405-8945-200C4B3CEDD5}.Debug|Any CPU.Build.0 = Debug|Any CPU
		{F5E7D232-4DAC-4405-8945-200C4B3CEDD5}.Release|Any CPU.ActiveCfg = Release|Any CPU
		{F5E7D232-4DAC-4405-8945-200C4B3CEDD5}.Release|Any CPU.Build.0 = Release|Any CPU
		{93FB7F25-0BC5-448F-A4CF-68BF880C5C49}.Debug|Any CPU.ActiveCfg = Debug|Any CPU
		{93FB7F25-0BC5-448F-A4CF-68BF880C5C49}.Debug|Any CPU.Build.0 = Debug|Any CPU
		{93FB7F25-0BC5-448F-A4CF-68BF880C5C49}.Release|Any CPU.ActiveCfg = Release|Any CPU
		{93FB7F25-0BC5-448F-A4CF-68BF880C5C49}.Release|Any CPU.Build.0 = Release|Any CPU
		{4DC9AD9D-B5CD-49E5-9C57-4C1DE333F6C3}.Debug|Any CPU.ActiveCfg = Debug|Any CPU
		{4DC9AD9D-B5CD-49E5-9C57-4C1DE333F6C3}.Debug|Any CPU.Build.0 = Debug|Any CPU
		{4DC9AD9D-B5CD-49E5-9C57-4C1DE333F6C3}.Release|Any CPU.ActiveCfg = Release|Any CPU
		{4DC9AD9D-B5CD-49E5-9C57-4C1DE333F6C3}.Release|Any CPU.Build.0 = Release|Any CPU
		{4039A1E4-C459-4290-3D75-68616CA9CBD3}.Debug|Any CPU.ActiveCfg = Debug|Any CPU
		{4039A1E4-C459-4290-3D75-68616CA9CBD3}.Debug|Any CPU.Build.0 = Debug|Any CPU
		{4039A1E4-C459-4290-3D75-68616CA9CBD3}.Debug|Any CPU.Deploy.0 = Debug|Any CPU
		{4039A1E4-C459-4290-3D75-68616CA9CBD3}.Release|Any CPU.ActiveCfg = Release|Any CPU
		{4039A1E4-C459-4290-3D75-68616CA9CBD3}.Release|Any CPU.Build.0 = Release|Any CPU
		{4039A1E4-C459-4290-3D75-68616CA9CBD3}.Release|Any CPU.Deploy.0 = Release|Any CPU
		{2E2AFF9E-1FBE-171E-63AA-F698AD0EA057}.Debug|Any CPU.ActiveCfg = Debug|Any CPU
		{2E2AFF9E-1FBE-171E-63AA-F698AD0EA057}.Debug|Any CPU.Build.0 = Debug|Any CPU
		{2E2AFF9E-1FBE-171E-63AA-F698AD0EA057}.Release|Any CPU.ActiveCfg = Release|Any CPU
		{2E2AFF9E-1FBE-171E-63AA-F698AD0EA057}.Release|Any CPU.Build.0 = Release|Any CPU
		{1814DB5C-2DD0-413E-A47A-DEF13A01E053}.Debug|Any CPU.ActiveCfg = Debug|Any CPU
		{1814DB5C-2DD0-413E-A47A-DEF13A01E053}.Debug|Any CPU.Build.0 = Debug|Any CPU
		{1814DB5C-2DD0-413E-A47A-DEF13A01E053}.Release|Any CPU.ActiveCfg = Release|Any CPU
		{1814DB5C-2DD0-413E-A47A-DEF13A01E053}.Release|Any CPU.Build.0 = Release|Any CPU
		{2829FF74-B599-B930-ED33-414FC6011747}.Debug|Any CPU.ActiveCfg = Debug|Any CPU
		{2829FF74-B599-B930-ED33-414FC6011747}.Debug|Any CPU.Build.0 = Debug|Any CPU
		{2829FF74-B599-B930-ED33-414FC6011747}.Release|Any CPU.ActiveCfg = Release|Any CPU
		{2829FF74-B599-B930-ED33-414FC6011747}.Release|Any CPU.Build.0 = Release|Any CPU
		{5F6DD90B-D7D0-3773-449E-A97896F4922E}.Debug|Any CPU.ActiveCfg = Debug|Any CPU
		{5F6DD90B-D7D0-3773-449E-A97896F4922E}.Debug|Any CPU.Build.0 = Debug|Any CPU
		{5F6DD90B-D7D0-3773-449E-A97896F4922E}.Release|Any CPU.ActiveCfg = Release|Any CPU
		{5F6DD90B-D7D0-3773-449E-A97896F4922E}.Release|Any CPU.Build.0 = Release|Any CPU
		{099EE261-F783-B978-543A-6DEF856BC29B}.Debug|Any CPU.ActiveCfg = Debug|Any CPU
		{099EE261-F783-B978-543A-6DEF856BC29B}.Debug|Any CPU.Build.0 = Debug|Any CPU
		{099EE261-F783-B978-543A-6DEF856BC29B}.Release|Any CPU.ActiveCfg = Release|Any CPU
		{099EE261-F783-B978-543A-6DEF856BC29B}.Release|Any CPU.Build.0 = Release|Any CPU
		{ECEE2847-91AF-7829-F9FA-7ED597340EEB}.Debug|Any CPU.ActiveCfg = Debug|Any CPU
		{ECEE2847-91AF-7829-F9FA-7ED597340EEB}.Debug|Any CPU.Build.0 = Debug|Any CPU
		{ECEE2847-91AF-7829-F9FA-7ED597340EEB}.Release|Any CPU.ActiveCfg = Release|Any CPU
		{ECEE2847-91AF-7829-F9FA-7ED597340EEB}.Release|Any CPU.Build.0 = Release|Any CPU
		{720D0A35-1B42-406B-9ED2-B0D5C740585F}.Debug|Any CPU.ActiveCfg = Debug|Any CPU
		{720D0A35-1B42-406B-9ED2-B0D5C740585F}.Debug|Any CPU.Build.0 = Debug|Any CPU
		{720D0A35-1B42-406B-9ED2-B0D5C740585F}.Release|Any CPU.ActiveCfg = Release|Any CPU
		{720D0A35-1B42-406B-9ED2-B0D5C740585F}.Release|Any CPU.Build.0 = Release|Any CPU
		{E09A17ED-FA99-4950-9614-579D51CEC5CB}.Debug|Any CPU.ActiveCfg = Debug|Any CPU
		{E09A17ED-FA99-4950-9614-579D51CEC5CB}.Debug|Any CPU.Build.0 = Debug|Any CPU
		{E09A17ED-FA99-4950-9614-579D51CEC5CB}.Release|Any CPU.ActiveCfg = Release|Any CPU
		{E09A17ED-FA99-4950-9614-579D51CEC5CB}.Release|Any CPU.Build.0 = Release|Any CPU
		{0E2631B3-9829-B981-D84C-BD7E7CCFE204}.Debug|Any CPU.ActiveCfg = Debug|Any CPU
		{0E2631B3-9829-B981-D84C-BD7E7CCFE204}.Debug|Any CPU.Build.0 = Debug|Any CPU
		{0E2631B3-9829-B981-D84C-BD7E7CCFE204}.Release|Any CPU.ActiveCfg = Release|Any CPU
		{0E2631B3-9829-B981-D84C-BD7E7CCFE204}.Release|Any CPU.Build.0 = Release|Any CPU
		{8421ACF5-08E7-4823-8954-453E86AC5D8E}.Debug|Any CPU.ActiveCfg = Debug|Any CPU
		{8421ACF5-08E7-4823-8954-453E86AC5D8E}.Debug|Any CPU.Build.0 = Debug|Any CPU
		{8421ACF5-08E7-4823-8954-453E86AC5D8E}.Release|Any CPU.ActiveCfg = Release|Any CPU
		{8421ACF5-08E7-4823-8954-453E86AC5D8E}.Release|Any CPU.Build.0 = Release|Any CPU
	EndGlobalSection
	GlobalSection(SolutionProperties) = preSolution
		HideSolutionNode = FALSE
	EndGlobalSection
	GlobalSection(NestedProjects) = preSolution
		{D7CEF4D1-BF81-47B9-A16B-D10E7F465EEE} = {918A18B5-B3A1-4EF9-8B23-3DCBB4E886B3}
		{8FF91B78-8360-41A0-ABF6-CD9CB2A1FC65} = {918A18B5-B3A1-4EF9-8B23-3DCBB4E886B3}
		{27C1F808-E035-4967-9D8B-ADEE3054BEF1} = {918A18B5-B3A1-4EF9-8B23-3DCBB4E886B3}
		{2D37E124-41B3-46C8-B871-47295C0DAF58} = {918A18B5-B3A1-4EF9-8B23-3DCBB4E886B3}
		{65FCCC45-A036-4665-836F-ADC31C3D9D3C} = {918A18B5-B3A1-4EF9-8B23-3DCBB4E886B3}
		{2ACB9358-1285-4303-9C01-3CA9A98B72C9} = {918A18B5-B3A1-4EF9-8B23-3DCBB4E886B3}
		{7B8B0DD5-17B9-45F9-8D2A-B50CF41E9E8E} = {918A18B5-B3A1-4EF9-8B23-3DCBB4E886B3}
		{B95836EA-A602-41C6-808E-2D85353E627F} = {785AE35B-D59A-48BB-9CB5-2EBDA56F1248}
		{5B06F9AD-2FCF-4DF1-84B0-4614B08055D9} = {2ACB9358-1285-4303-9C01-3CA9A98B72C9}
		{41C8CCAC-18CA-46E8-AA32-048ACF77183F} = {8FF91B78-8360-41A0-ABF6-CD9CB2A1FC65}
		{699EE85B-FAB6-48E8-AABA-41F4F5534DB0} = {D7CEF4D1-BF81-47B9-A16B-D10E7F465EEE}
		{155EA1E1-432A-4C17-8B12-5B0EEA37107B} = {27C1F808-E035-4967-9D8B-ADEE3054BEF1}
		{D3671138-14A2-46C8-91EC-9CC5721163F5} = {2D37E124-41B3-46C8-B871-47295C0DAF58}
		{155878EB-1864-4E97-AF80-E6B6BB25BAE0} = {65FCCC45-A036-4665-836F-ADC31C3D9D3C}
		{4E04F813-A78E-466A-A28E-CA8E3E55EDCA} = {7B8B0DD5-17B9-45F9-8D2A-B50CF41E9E8E}
		{5734677D-164A-47F0-89FA-3B2FD73B81C1} = {82C3C83E-1FAE-4950-9A5F-AEE5AB823C11}
		{3BC7B8B4-70A9-4105-932A-B4B98BE39D47} = {785AE35B-D59A-48BB-9CB5-2EBDA56F1248}
		{8A128F66-141C-4853-BF94-3BEC36E7FCF9} = {785AE35B-D59A-48BB-9CB5-2EBDA56F1248}
		{F5E7D232-4DAC-4405-8945-200C4B3CEDD5} = {785AE35B-D59A-48BB-9CB5-2EBDA56F1248}
		{F1557BF3-4839-4B5F-A520-43AB129E270C} = {918A18B5-B3A1-4EF9-8B23-3DCBB4E886B3}
		{93FB7F25-0BC5-448F-A4CF-68BF880C5C49} = {F1557BF3-4839-4B5F-A520-43AB129E270C}
		{4DC9AD9D-B5CD-49E5-9C57-4C1DE333F6C3} = {785AE35B-D59A-48BB-9CB5-2EBDA56F1248}
		{4039A1E4-C459-4290-3D75-68616CA9CBD3} = {82C3C83E-1FAE-4950-9A5F-AEE5AB823C11}
		{FEA42193-2CE1-4FEB-B1A4-808CBCD56CDC} = {918A18B5-B3A1-4EF9-8B23-3DCBB4E886B3}
		{2E2AFF9E-1FBE-171E-63AA-F698AD0EA057} = {FEA42193-2CE1-4FEB-B1A4-808CBCD56CDC}
		{46601EB2-C9C9-4A72-AF58-C86CAE5CA788} = {918A18B5-B3A1-4EF9-8B23-3DCBB4E886B3}
		{1814DB5C-2DD0-413E-A47A-DEF13A01E053} = {46601EB2-C9C9-4A72-AF58-C86CAE5CA788}
		{02EA681E-C7D8-13C7-8484-4AC65E1B71E8} = {82C3C83E-1FAE-4950-9A5F-AEE5AB823C11}
		{3C42F4C1-7AB7-4DA8-A951-36D2E07F62A9} = {82C3C83E-1FAE-4950-9A5F-AEE5AB823C11}
		{2829FF74-B599-B930-ED33-414FC6011747} = {3C42F4C1-7AB7-4DA8-A951-36D2E07F62A9}
		{5F6DD90B-D7D0-3773-449E-A97896F4922E} = {3C42F4C1-7AB7-4DA8-A951-36D2E07F62A9}
		{099EE261-F783-B978-543A-6DEF856BC29B} = {3C42F4C1-7AB7-4DA8-A951-36D2E07F62A9}
		{ECEE2847-91AF-7829-F9FA-7ED597340EEB} = {3C42F4C1-7AB7-4DA8-A951-36D2E07F62A9}
		{720D0A35-1B42-406B-9ED2-B0D5C740585F} = {02EA681E-C7D8-13C7-8484-4AC65E1B71E8}
		{E09A17ED-FA99-4950-9614-579D51CEC5CB} = {3C42F4C1-7AB7-4DA8-A951-36D2E07F62A9}
		{0E2631B3-9829-B981-D84C-BD7E7CCFE204} = {02EA681E-C7D8-13C7-8484-4AC65E1B71E8}
		{8421ACF5-08E7-4823-8954-453E86AC5D8E} = {02EA681E-C7D8-13C7-8484-4AC65E1B71E8}
	EndGlobalSection
	GlobalSection(ExtensibilityGlobals) = postSolution
		SolutionGuid = {B99AE7C8-1566-45E6-8A0C-24230118B3F6}
	EndGlobalSection
EndGlobal
